// !$*UTF8*$!
{
	archiveVersion = 1;
	classes = {
	};
	objectVersion = 48;
	objects = {

/* Begin PBXBuildFile section */
		A9EB2EB5FF231099657871A9 /* libPods-XKProj.a in Frameworks */ = {isa = PBXBuildFile; fileRef = 9103515A51B43D957851836B /* libPods-XKProj.a */; };
		C54FA8E31FBC26A400B28C87 /* MSTableView.m in Sources */ = {isa = PBXBuildFile; fileRef = C54FA8DE1FBC268800B28C87 /* MSTableView.m */; };
		C54FA8E41FBC26AA00B28C87 /* XBaseController.m in Sources */ = {isa = PBXBuildFile; fileRef = C54FA8E01FBC268800B28C87 /* XBaseController.m */; };
		C54FA8E51FBC26AE00B28C87 /* XNavigationController.m in Sources */ = {isa = PBXBuildFile; fileRef = C54FA8E21FBC268800B28C87 /* XNavigationController.m */; };
		C54FA8E61FBC272100B28C87 /* XFirstController.m in Sources */ = {isa = PBXBuildFile; fileRef = C54FA8D11FBC256500B28C87 /* XFirstController.m */; };
		C54FA8E71FBC272500B28C87 /* XSecondController.m in Sources */ = {isa = PBXBuildFile; fileRef = C54FA8CB1FBC256500B28C87 /* XSecondController.m */; };
		C54FA8E81FBC274700B28C87 /* XLaunchController.m in Sources */ = {isa = PBXBuildFile; fileRef = C54FA8DB1FBC25CB00B28C87 /* XLaunchController.m */; };
		C54FA8E91FBC274700B28C87 /* MSFirstTableCell.m in Sources */ = {isa = PBXBuildFile; fileRef = C54FA8CF1FBC256500B28C87 /* MSFirstTableCell.m */; };
		C54FA90D1FBC2EBF00B28C87 /* AppDelegate.m in Sources */ = {isa = PBXBuildFile; fileRef = C54FA9011FBC2E3200B28C87 /* AppDelegate.m */; };
		C54FA90E1FBC2EBF00B28C87 /* XKManager.m in Sources */ = {isa = PBXBuildFile; fileRef = C54FA9031FBC2E3200B28C87 /* XKManager.m */; };
		C54FA90F1FBC2EBF00B28C87 /* XKViewController.m in Sources */ = {isa = PBXBuildFile; fileRef = C54FA9051FBC2E3200B28C87 /* XKViewController.m */; };
		C54FA9101FBC2EBF00B28C87 /* XTabBarController.m in Sources */ = {isa = PBXBuildFile; fileRef = C54FA9071FBC2E3200B28C87 /* XTabBarController.m */; };
		C54FA91C1FBC34D400B28C87 /* main.m in Sources */ = {isa = PBXBuildFile; fileRef = C54FA9191FBC348F00B28C87 /* main.m */; };
		C54FA91D1FBC364300B28C87 /* Assets.xcassets in Resources */ = {isa = PBXBuildFile; fileRef = C54FA8FE1FBC2E3200B28C87 /* Assets.xcassets */; };
		C568E9C11FBD8F88000E8F6B /* MSLaunchView.m in Sources */ = {isa = PBXBuildFile; fileRef = C568E9C01FBD8F88000E8F6B /* MSLaunchView.m */; };
		C568E9C41FBD988F000E8F6B /* MSScaleTransition.m in Sources */ = {isa = PBXBuildFile; fileRef = C568E9C31FBD988F000E8F6B /* MSScaleTransition.m */; };
		C568E9C71FBD989A000E8F6B /* MSTransition.m in Sources */ = {isa = PBXBuildFile; fileRef = C568E9C61FBD989A000E8F6B /* MSTransition.m */; };
		C568E9D61FBE7F23000E8F6B /* MSSecondDetailController.m in Sources */ = {isa = PBXBuildFile; fileRef = C568E9D51FBE7F23000E8F6B /* MSSecondDetailController.m */; };
		C5FB72431FBC472C003416B1 /* MSCollectionView.m in Sources */ = {isa = PBXBuildFile; fileRef = C5FB72421FBC472C003416B1 /* MSCollectionView.m */; };
		C5FB72471FBC47F8003416B1 /* MSSecondCollectionCell.m in Sources */ = {isa = PBXBuildFile; fileRef = C5FB72461FBC47F8003416B1 /* MSSecondCollectionCell.m */; };
		C5FB724A1FBC4831003416B1 /* MSSecondCollectionViewLayout.m in Sources */ = {isa = PBXBuildFile; fileRef = C5FB72491FBC4831003416B1 /* MSSecondCollectionViewLayout.m */; };
/* End PBXBuildFile section */

/* Begin PBXFileReference section */
		273BCAF7514825E7CE901D34 /* Pods-XKProj.debug.xcconfig */ = {isa = PBXFileReference; includeInIndex = 1; lastKnownFileType = text.xcconfig; name = "Pods-XKProj.debug.xcconfig"; path = "../Pods/Target Support Files/Pods-XKProj/Pods-XKProj.debug.xcconfig"; sourceTree = "<group>"; };
		9103515A51B43D957851836B /* libPods-XKProj.a */ = {isa = PBXFileReference; explicitFileType = archive.ar; includeInIndex = 0; path = "libPods-XKProj.a"; sourceTree = BUILT_PRODUCTS_DIR; };
		C54FA8CA1FBC256500B28C87 /* XSecondController.h */ = {isa = PBXFileReference; lastKnownFileType = sourcecode.c.h; path = XSecondController.h; sourceTree = "<group>"; };
		C54FA8CB1FBC256500B28C87 /* XSecondController.m */ = {isa = PBXFileReference; lastKnownFileType = sourcecode.c.objc; path = XSecondController.m; sourceTree = "<group>"; };
		C54FA8CE1FBC256500B28C87 /* MSFirstTableCell.h */ = {isa = PBXFileReference; lastKnownFileType = sourcecode.c.h; path = MSFirstTableCell.h; sourceTree = "<group>"; };
		C54FA8CF1FBC256500B28C87 /* MSFirstTableCell.m */ = {isa = PBXFileReference; lastKnownFileType = sourcecode.c.objc; path = MSFirstTableCell.m; sourceTree = "<group>"; };
		C54FA8D01FBC256500B28C87 /* XFirstController.h */ = {isa = PBXFileReference; lastKnownFileType = sourcecode.c.h; path = XFirstController.h; sourceTree = "<group>"; };
		C54FA8D11FBC256500B28C87 /* XFirstController.m */ = {isa = PBXFileReference; lastKnownFileType = sourcecode.c.objc; path = XFirstController.m; sourceTree = "<group>"; };
		C54FA8DA1FBC25CB00B28C87 /* XLaunchController.h */ = {isa = PBXFileReference; lastKnownFileType = sourcecode.c.h; path = XLaunchController.h; sourceTree = "<group>"; };
		C54FA8DB1FBC25CB00B28C87 /* XLaunchController.m */ = {isa = PBXFileReference; lastKnownFileType = sourcecode.c.objc; path = XLaunchController.m; sourceTree = "<group>"; };
		C54FA8DD1FBC268800B28C87 /* MSTableView.h */ = {isa = PBXFileReference; lastKnownFileType = sourcecode.c.h; path = MSTableView.h; sourceTree = "<group>"; };
		C54FA8DE1FBC268800B28C87 /* MSTableView.m */ = {isa = PBXFileReference; lastKnownFileType = sourcecode.c.objc; path = MSTableView.m; sourceTree = "<group>"; };
		C54FA8DF1FBC268800B28C87 /* XBaseController.h */ = {isa = PBXFileReference; lastKnownFileType = sourcecode.c.h; path = XBaseController.h; sourceTree = "<group>"; };
		C54FA8E01FBC268800B28C87 /* XBaseController.m */ = {isa = PBXFileReference; lastKnownFileType = sourcecode.c.objc; path = XBaseController.m; sourceTree = "<group>"; };
		C54FA8E11FBC268800B28C87 /* XNavigationController.h */ = {isa = PBXFileReference; lastKnownFileType = sourcecode.c.h; path = XNavigationController.h; sourceTree = "<group>"; };
		C54FA8E21FBC268800B28C87 /* XNavigationController.m */ = {isa = PBXFileReference; lastKnownFileType = sourcecode.c.objc; path = XNavigationController.m; sourceTree = "<group>"; };
		C54FA8FE1FBC2E3200B28C87 /* Assets.xcassets */ = {isa = PBXFileReference; lastKnownFileType = folder.assetcatalog; path = Assets.xcassets; sourceTree = "<group>"; };
		C54FA9001FBC2E3200B28C87 /* AppDelegate.h */ = {isa = PBXFileReference; lastKnownFileType = sourcecode.c.h; path = AppDelegate.h; sourceTree = "<group>"; };
		C54FA9011FBC2E3200B28C87 /* AppDelegate.m */ = {isa = PBXFileReference; lastKnownFileType = sourcecode.c.objc; path = AppDelegate.m; sourceTree = "<group>"; };
		C54FA9021FBC2E3200B28C87 /* XKManager.h */ = {isa = PBXFileReference; lastKnownFileType = sourcecode.c.h; path = XKManager.h; sourceTree = "<group>"; };
		C54FA9031FBC2E3200B28C87 /* XKManager.m */ = {isa = PBXFileReference; lastKnownFileType = sourcecode.c.objc; path = XKManager.m; sourceTree = "<group>"; };
		C54FA9041FBC2E3200B28C87 /* XKViewController.h */ = {isa = PBXFileReference; lastKnownFileType = sourcecode.c.h; path = XKViewController.h; sourceTree = "<group>"; };
		C54FA9051FBC2E3200B28C87 /* XKViewController.m */ = {isa = PBXFileReference; lastKnownFileType = sourcecode.c.objc; path = XKViewController.m; sourceTree = "<group>"; };
		C54FA9061FBC2E3200B28C87 /* XTabBarController.h */ = {isa = PBXFileReference; lastKnownFileType = sourcecode.c.h; path = XTabBarController.h; sourceTree = "<group>"; };
		C54FA9071FBC2E3200B28C87 /* XTabBarController.m */ = {isa = PBXFileReference; lastKnownFileType = sourcecode.c.objc; path = XTabBarController.m; sourceTree = "<group>"; };
		C54FA9181FBC348F00B28C87 /* Info.plist */ = {isa = PBXFileReference; lastKnownFileType = text.plist.xml; path = Info.plist; sourceTree = "<group>"; };
		C54FA9191FBC348F00B28C87 /* main.m */ = {isa = PBXFileReference; lastKnownFileType = sourcecode.c.objc; path = main.m; sourceTree = "<group>"; };
		C54FA91B1FBC34BA00B28C87 /* XKProjPrefixHeader.pch */ = {isa = PBXFileReference; lastKnownFileType = sourcecode.c.h; path = XKProjPrefixHeader.pch; sourceTree = "<group>"; };
		C568E9BF1FBD8F88000E8F6B /* MSLaunchView.h */ = {isa = PBXFileReference; lastKnownFileType = sourcecode.c.h; path = MSLaunchView.h; sourceTree = "<group>"; };
		C568E9C01FBD8F88000E8F6B /* MSLaunchView.m */ = {isa = PBXFileReference; lastKnownFileType = sourcecode.c.objc; path = MSLaunchView.m; sourceTree = "<group>"; };
		C568E9C21FBD988F000E8F6B /* MSScaleTransition.h */ = {isa = PBXFileReference; lastKnownFileType = sourcecode.c.h; path = MSScaleTransition.h; sourceTree = "<group>"; };
		C568E9C31FBD988F000E8F6B /* MSScaleTransition.m */ = {isa = PBXFileReference; lastKnownFileType = sourcecode.c.objc; path = MSScaleTransition.m; sourceTree = "<group>"; };
		C568E9C51FBD989A000E8F6B /* MSTransition.h */ = {isa = PBXFileReference; lastKnownFileType = sourcecode.c.h; path = MSTransition.h; sourceTree = "<group>"; };
		C568E9C61FBD989A000E8F6B /* MSTransition.m */ = {isa = PBXFileReference; lastKnownFileType = sourcecode.c.objc; path = MSTransition.m; sourceTree = "<group>"; };
		C568E9C81FBD98B6000E8F6B /* MSTransitionProtocol.h */ = {isa = PBXFileReference; lastKnownFileType = sourcecode.c.h; path = MSTransitionProtocol.h; sourceTree = "<group>"; };
		C568E9D41FBE7F23000E8F6B /* MSSecondDetailController.h */ = {isa = PBXFileReference; lastKnownFileType = sourcecode.c.h; path = MSSecondDetailController.h; sourceTree = "<group>"; };
		C568E9D51FBE7F23000E8F6B /* MSSecondDetailController.m */ = {isa = PBXFileReference; lastKnownFileType = sourcecode.c.objc; path = MSSecondDetailController.m; sourceTree = "<group>"; };
		C5BC469D1FBAFBAD003F89ED /* XKProj.app */ = {isa = PBXFileReference; explicitFileType = wrapper.application; includeInIndex = 0; path = XKProj.app; sourceTree = BUILT_PRODUCTS_DIR; };
		C5FB72411FBC472C003416B1 /* MSCollectionView.h */ = {isa = PBXFileReference; lastKnownFileType = sourcecode.c.h; path = MSCollectionView.h; sourceTree = "<group>"; };
		C5FB72421FBC472C003416B1 /* MSCollectionView.m */ = {isa = PBXFileReference; lastKnownFileType = sourcecode.c.objc; path = MSCollectionView.m; sourceTree = "<group>"; };
		C5FB72451FBC47F8003416B1 /* MSSecondCollectionCell.h */ = {isa = PBXFileReference; lastKnownFileType = sourcecode.c.h; path = MSSecondCollectionCell.h; sourceTree = "<group>"; };
		C5FB72461FBC47F8003416B1 /* MSSecondCollectionCell.m */ = {isa = PBXFileReference; lastKnownFileType = sourcecode.c.objc; path = MSSecondCollectionCell.m; sourceTree = "<group>"; };
		C5FB72481FBC4831003416B1 /* MSSecondCollectionViewLayout.h */ = {isa = PBXFileReference; lastKnownFileType = sourcecode.c.h; path = MSSecondCollectionViewLayout.h; sourceTree = "<group>"; };
		C5FB72491FBC4831003416B1 /* MSSecondCollectionViewLayout.m */ = {isa = PBXFileReference; lastKnownFileType = sourcecode.c.objc; path = MSSecondCollectionViewLayout.m; sourceTree = "<group>"; };
		FAF284A05F21052E4B538D05 /* Pods-XKProj.release.xcconfig */ = {isa = PBXFileReference; includeInIndex = 1; lastKnownFileType = text.xcconfig; name = "Pods-XKProj.release.xcconfig"; path = "../Pods/Target Support Files/Pods-XKProj/Pods-XKProj.release.xcconfig"; sourceTree = "<group>"; };
/* End PBXFileReference section */

/* Begin PBXFrameworksBuildPhase section */
		C5BC469A1FBAFBAD003F89ED /* Frameworks */ = {
			isa = PBXFrameworksBuildPhase;
			buildActionMask = 2147483647;
			files = (
				A9EB2EB5FF231099657871A9 /* libPods-XKProj.a in Frameworks */,
			);
			runOnlyForDeploymentPostprocessing = 0;
		};
/* End PBXFrameworksBuildPhase section */

/* Begin PBXGroup section */
		1C1AB686A17F90503F68373D /* Frameworks */ = {
			isa = PBXGroup;
			children = (
				9103515A51B43D957851836B /* libPods-XKProj.a */,
			);
			name = Frameworks;
			sourceTree = "<group>";
		};
		C54FA8A41FBC158F00B28C87 /* Function */ = {
			isa = PBXGroup;
			children = (
				C568E9D31FBE7F14000E8F6B /* SecondDetail */,
				C54FA8D91FBC25CB00B28C87 /* Launch */,
				C54FA8CC1FBC256500B28C87 /* First */,
				C54FA8C91FBC256500B28C87 /* Second */,
			);
			path = Function;
			sourceTree = "<group>";
		};
		C54FA8C91FBC256500B28C87 /* Second */ = {
			isa = PBXGroup;
			children = (
				C5FB72441FBC4753003416B1 /* View */,
				C54FA8CA1FBC256500B28C87 /* XSecondController.h */,
				C54FA8CB1FBC256500B28C87 /* XSecondController.m */,
			);
			path = Second;
			sourceTree = "<group>";
		};
		C54FA8CC1FBC256500B28C87 /* First */ = {
			isa = PBXGroup;
			children = (
				C54FA8CD1FBC256500B28C87 /* View */,
				C54FA8D01FBC256500B28C87 /* XFirstController.h */,
				C54FA8D11FBC256500B28C87 /* XFirstController.m */,
			);
			path = First;
			sourceTree = "<group>";
		};
		C54FA8CD1FBC256500B28C87 /* View */ = {
			isa = PBXGroup;
			children = (
				C54FA8CE1FBC256500B28C87 /* MSFirstTableCell.h */,
				C54FA8CF1FBC256500B28C87 /* MSFirstTableCell.m */,
			);
			path = View;
			sourceTree = "<group>";
		};
		C54FA8D91FBC25CB00B28C87 /* Launch */ = {
			isa = PBXGroup;
			children = (
				C568E9BE1FBD8F79000E8F6B /* View */,
				C54FA8DA1FBC25CB00B28C87 /* XLaunchController.h */,
				C54FA8DB1FBC25CB00B28C87 /* XLaunchController.m */,
			);
			path = Launch;
			sourceTree = "<group>";
		};
		C54FA8DC1FBC268800B28C87 /* Base */ = {
			isa = PBXGroup;
			children = (
				C54FA8DD1FBC268800B28C87 /* MSTableView.h */,
				C54FA8DE1FBC268800B28C87 /* MSTableView.m */,
				C5FB72411FBC472C003416B1 /* MSCollectionView.h */,
				C5FB72421FBC472C003416B1 /* MSCollectionView.m */,
				C54FA8DF1FBC268800B28C87 /* XBaseController.h */,
				C54FA8E01FBC268800B28C87 /* XBaseController.m */,
				C54FA8E11FBC268800B28C87 /* XNavigationController.h */,
				C54FA8E21FBC268800B28C87 /* XNavigationController.m */,
			);
			path = Base;
			sourceTree = "<group>";
		};
		C54FA8EA1FBC2D0400B28C87 /* Utils */ = {
			isa = PBXGroup;
			children = (
				C568E9C21FBD988F000E8F6B /* MSScaleTransition.h */,
				C568E9C31FBD988F000E8F6B /* MSScaleTransition.m */,
				C568E9C51FBD989A000E8F6B /* MSTransition.h */,
				C568E9C61FBD989A000E8F6B /* MSTransition.m */,
				C568E9C81FBD98B6000E8F6B /* MSTransitionProtocol.h */,
			);
			path = Utils;
			sourceTree = "<group>";
		};
		C54FA8FD1FBC2E3200B28C87 /* Resource */ = {
			isa = PBXGroup;
			children = (
				C54FA8FE1FBC2E3200B28C87 /* Assets.xcassets */,
			);
			path = Resource;
			sourceTree = "<group>";
		};
		C54FA8FF1FBC2E3200B28C87 /* App */ = {
			isa = PBXGroup;
			children = (
				C54FA9001FBC2E3200B28C87 /* AppDelegate.h */,
				C54FA9011FBC2E3200B28C87 /* AppDelegate.m */,
				C54FA9021FBC2E3200B28C87 /* XKManager.h */,
				C54FA9031FBC2E3200B28C87 /* XKManager.m */,
				C54FA9041FBC2E3200B28C87 /* XKViewController.h */,
				C54FA9051FBC2E3200B28C87 /* XKViewController.m */,
				C54FA9061FBC2E3200B28C87 /* XTabBarController.h */,
				C54FA9071FBC2E3200B28C87 /* XTabBarController.m */,
			);
			path = App;
			sourceTree = "<group>";
		};
		C54FA90B1FBC2E3200B28C87 /* Config */ = {
			isa = PBXGroup;
			children = (
			);
			path = Config;
			sourceTree = "<group>";
		};
		C568E9BE1FBD8F79000E8F6B /* View */ = {
			isa = PBXGroup;
			children = (
				C568E9BF1FBD8F88000E8F6B /* MSLaunchView.h */,
				C568E9C01FBD8F88000E8F6B /* MSLaunchView.m */,
			);
			path = View;
			sourceTree = "<group>";
		};
		C568E9D31FBE7F14000E8F6B /* SecondDetail */ = {
			isa = PBXGroup;
			children = (
				C568E9D41FBE7F23000E8F6B /* MSSecondDetailController.h */,
				C568E9D51FBE7F23000E8F6B /* MSSecondDetailController.m */,
			);
			path = SecondDetail;
			sourceTree = "<group>";
		};
		C5BC46941FBAFBAD003F89ED = {
			isa = PBXGroup;
			children = (
				C5BC469F1FBAFBAD003F89ED /* XKProj */,
				C5BC469E1FBAFBAD003F89ED /* Products */,
				E4A5F2880C2B78EA80DC9E5E /* Pods */,
				1C1AB686A17F90503F68373D /* Frameworks */,
			);
			sourceTree = "<group>";
		};
		C5BC469E1FBAFBAD003F89ED /* Products */ = {
			isa = PBXGroup;
			children = (
				C5BC469D1FBAFBAD003F89ED /* XKProj.app */,
			);
			name = Products;
			sourceTree = "<group>";
		};
		C5BC469F1FBAFBAD003F89ED /* XKProj */ = {
			isa = PBXGroup;
			children = (
				C54FA8FF1FBC2E3200B28C87 /* App */,
				C54FA90B1FBC2E3200B28C87 /* Config */,
				C54FA8FD1FBC2E3200B28C87 /* Resource */,
				C54FA8EA1FBC2D0400B28C87 /* Utils */,
				C54FA8DC1FBC268800B28C87 /* Base */,
				C54FA8A41FBC158F00B28C87 /* Function */,
				C54FA91B1FBC34BA00B28C87 /* XKProjPrefixHeader.pch */,
				C54FA9181FBC348F00B28C87 /* Info.plist */,
				C54FA9191FBC348F00B28C87 /* main.m */,
			);
			path = XKProj;
			sourceTree = "<group>";
		};
		C5FB72441FBC4753003416B1 /* View */ = {
			isa = PBXGroup;
			children = (
				C5FB72451FBC47F8003416B1 /* MSSecondCollectionCell.h */,
				C5FB72461FBC47F8003416B1 /* MSSecondCollectionCell.m */,
				C5FB72481FBC4831003416B1 /* MSSecondCollectionViewLayout.h */,
				C5FB72491FBC4831003416B1 /* MSSecondCollectionViewLayout.m */,
			);
			path = View;
			sourceTree = "<group>";
		};
		E4A5F2880C2B78EA80DC9E5E /* Pods */ = {
			isa = PBXGroup;
			children = (
				273BCAF7514825E7CE901D34 /* Pods-XKProj.debug.xcconfig */,
				FAF284A05F21052E4B538D05 /* Pods-XKProj.release.xcconfig */,
			);
			name = Pods;
			sourceTree = "<group>";
		};
/* End PBXGroup section */

/* Begin PBXNativeTarget section */
		C5BC469C1FBAFBAD003F89ED /* XKProj */ = {
			isa = PBXNativeTarget;
			buildConfigurationList = C5BC46B31FBAFBAD003F89ED /* Build configuration list for PBXNativeTarget "XKProj" */;
			buildPhases = (
				3E22D11EE0DAF1CDA2AA9E50 /* [CP] Check Pods Manifest.lock */,
				C5BC46991FBAFBAD003F89ED /* Sources */,
				C5BC469A1FBAFBAD003F89ED /* Frameworks */,
				C5BC469B1FBAFBAD003F89ED /* Resources */,
				B1151C455F606C6FE24FF7F4 /* [CP] Embed Pods Frameworks */,
				041DDF7D40A0EE6BC9DE7BCD /* [CP] Copy Pods Resources */,
			);
			buildRules = (
			);
			dependencies = (
			);
			name = XKProj;
			productName = XKProj;
			productReference = C5BC469D1FBAFBAD003F89ED /* XKProj.app */;
			productType = "com.apple.product-type.application";
		};
/* End PBXNativeTarget section */

/* Begin PBXProject section */
		C5BC46951FBAFBAD003F89ED /* Project object */ = {
			isa = PBXProject;
			attributes = {
				LastUpgradeCheck = 0900;
				ORGANIZATIONNAME = Kangbo;
				TargetAttributes = {
					C5BC469C1FBAFBAD003F89ED = {
						CreatedOnToolsVersion = 9.0;
						ProvisioningStyle = Manual;
					};
				};
			};
			buildConfigurationList = C5BC46981FBAFBAD003F89ED /* Build configuration list for PBXProject "XKProj" */;
			compatibilityVersion = "Xcode 8.0";
			developmentRegion = en;
			hasScannedForEncodings = 0;
			knownRegions = (
				en,
				Base,
			);
			mainGroup = C5BC46941FBAFBAD003F89ED;
			productRefGroup = C5BC469E1FBAFBAD003F89ED /* Products */;
			projectDirPath = "";
			projectRoot = "";
			targets = (
				C5BC469C1FBAFBAD003F89ED /* XKProj */,
			);
		};
/* End PBXProject section */

/* Begin PBXResourcesBuildPhase section */
		C5BC469B1FBAFBAD003F89ED /* Resources */ = {
			isa = PBXResourcesBuildPhase;
			buildActionMask = 2147483647;
			files = (
				C54FA91D1FBC364300B28C87 /* Assets.xcassets in Resources */,
			);
			runOnlyForDeploymentPostprocessing = 0;
		};
/* End PBXResourcesBuildPhase section */

/* Begin PBXShellScriptBuildPhase section */
		041DDF7D40A0EE6BC9DE7BCD /* [CP] Copy Pods Resources */ = {
			isa = PBXShellScriptBuildPhase;
			buildActionMask = 2147483647;
			files = (
			);
			inputPaths = (
			);
			name = "[CP] Copy Pods Resources";
			outputPaths = (
			);
			runOnlyForDeploymentPostprocessing = 0;
			shellPath = /bin/sh;
			shellScript = "\"${SRCROOT}/../Pods/Target Support Files/Pods-XKProj/Pods-XKProj-resources.sh\"\n";
			showEnvVarsInLog = 0;
		};
		3E22D11EE0DAF1CDA2AA9E50 /* [CP] Check Pods Manifest.lock */ = {
			isa = PBXShellScriptBuildPhase;
			buildActionMask = 2147483647;
			files = (
			);
			inputPaths = (
				"${PODS_PODFILE_DIR_PATH}/Podfile.lock",
				"${PODS_ROOT}/Manifest.lock",
			);
			name = "[CP] Check Pods Manifest.lock";
			outputPaths = (
				"$(DERIVED_FILE_DIR)/Pods-XKProj-checkManifestLockResult.txt",
			);
			runOnlyForDeploymentPostprocessing = 0;
			shellPath = /bin/sh;
			shellScript = "diff \"${PODS_PODFILE_DIR_PATH}/Podfile.lock\" \"${PODS_ROOT}/Manifest.lock\" > /dev/null\nif [ $? != 0 ] ; then\n    # print error to STDERR\n    echo \"error: The sandbox is not in sync with the Podfile.lock. Run 'pod install' or update your CocoaPods installation.\" >&2\n    exit 1\nfi\n# This output is used by Xcode 'outputs' to avoid re-running this script phase.\necho \"SUCCESS\" > \"${SCRIPT_OUTPUT_FILE_0}\"\n";
			showEnvVarsInLog = 0;
		};
		B1151C455F606C6FE24FF7F4 /* [CP] Embed Pods Frameworks */ = {
			isa = PBXShellScriptBuildPhase;
			buildActionMask = 2147483647;
			files = (
			);
			inputPaths = (
			);
			name = "[CP] Embed Pods Frameworks";
			outputPaths = (
			);
			runOnlyForDeploymentPostprocessing = 0;
			shellPath = /bin/sh;
			shellScript = "\"${SRCROOT}/../Pods/Target Support Files/Pods-XKProj/Pods-XKProj-frameworks.sh\"\n";
			showEnvVarsInLog = 0;
		};
/* End PBXShellScriptBuildPhase section */

/* Begin PBXSourcesBuildPhase section */
		C5BC46991FBAFBAD003F89ED /* Sources */ = {
			isa = PBXSourcesBuildPhase;
			buildActionMask = 2147483647;
			files = (
				C568E9C71FBD989A000E8F6B /* MSTransition.m in Sources */,
				C54FA91C1FBC34D400B28C87 /* main.m in Sources */,
				C54FA90D1FBC2EBF00B28C87 /* AppDelegate.m in Sources */,
				C5FB72431FBC472C003416B1 /* MSCollectionView.m in Sources */,
				C5FB72471FBC47F8003416B1 /* MSSecondCollectionCell.m in Sources */,
				C54FA90E1FBC2EBF00B28C87 /* XKManager.m in Sources */,
				C54FA90F1FBC2EBF00B28C87 /* XKViewController.m in Sources */,
				C54FA9101FBC2EBF00B28C87 /* XTabBarController.m in Sources */,
				C5FB724A1FBC4831003416B1 /* MSSecondCollectionViewLayout.m in Sources */,
				C54FA8E81FBC274700B28C87 /* XLaunchController.m in Sources */,
				C54FA8E91FBC274700B28C87 /* MSFirstTableCell.m in Sources */,
				C54FA8E71FBC272500B28C87 /* XSecondController.m in Sources */,
				C54FA8E61FBC272100B28C87 /* XFirstController.m in Sources */,
				C568E9C41FBD988F000E8F6B /* MSScaleTransition.m in Sources */,
				C54FA8E51FBC26AE00B28C87 /* XNavigationController.m in Sources */,
				C54FA8E41FBC26AA00B28C87 /* XBaseController.m in Sources */,
				C568E9D61FBE7F23000E8F6B /* MSSecondDetailController.m in Sources */,
				C54FA8E31FBC26A400B28C87 /* MSTableView.m in Sources */,
				C568E9C11FBD8F88000E8F6B /* MSLaunchView.m in Sources */,
			);
			runOnlyForDeploymentPostprocessing = 0;
		};
/* End PBXSourcesBuildPhase section */

/* Begin XCBuildConfiguration section */
		C5BC46B11FBAFBAD003F89ED /* Debug */ = {
			isa = XCBuildConfiguration;
			buildSettings = {
				ALWAYS_SEARCH_USER_PATHS = NO;
				CLANG_ANALYZER_NONNULL = YES;
				CLANG_ANALYZER_NUMBER_OBJECT_CONVERSION = YES_AGGRESSIVE;
				CLANG_CXX_LANGUAGE_STANDARD = "gnu++14";
				CLANG_CXX_LIBRARY = "libc++";
				CLANG_ENABLE_MODULES = YES;
				CLANG_ENABLE_OBJC_ARC = YES;
				CLANG_WARN_BLOCK_CAPTURE_AUTORELEASING = YES;
				CLANG_WARN_BOOL_CONVERSION = YES;
				CLANG_WARN_COMMA = YES;
				CLANG_WARN_CONSTANT_CONVERSION = YES;
				CLANG_WARN_DIRECT_OBJC_ISA_USAGE = YES_ERROR;
				CLANG_WARN_DOCUMENTATION_COMMENTS = YES;
				CLANG_WARN_EMPTY_BODY = YES;
				CLANG_WARN_ENUM_CONVERSION = YES;
				CLANG_WARN_INFINITE_RECURSION = YES;
				CLANG_WARN_INT_CONVERSION = YES;
				CLANG_WARN_NON_LITERAL_NULL_CONVERSION = YES;
				CLANG_WARN_OBJC_LITERAL_CONVERSION = YES;
				CLANG_WARN_OBJC_ROOT_CLASS = YES_ERROR;
				CLANG_WARN_RANGE_LOOP_ANALYSIS = YES;
				CLANG_WARN_STRICT_PROTOTYPES = YES;
				CLANG_WARN_SUSPICIOUS_MOVE = YES;
				CLANG_WARN_UNGUARDED_AVAILABILITY = YES_AGGRESSIVE;
				CLANG_WARN_UNREACHABLE_CODE = YES;
				CLANG_WARN__DUPLICATE_METHOD_MATCH = YES;
				CODE_SIGN_IDENTITY = "iPhone Developer";
				COPY_PHASE_STRIP = NO;
				DEBUG_INFORMATION_FORMAT = dwarf;
				ENABLE_STRICT_OBJC_MSGSEND = YES;
				ENABLE_TESTABILITY = YES;
				GCC_C_LANGUAGE_STANDARD = gnu11;
				GCC_DYNAMIC_NO_PIC = NO;
				GCC_NO_COMMON_BLOCKS = YES;
				GCC_OPTIMIZATION_LEVEL = 0;
				GCC_PREPROCESSOR_DEFINITIONS = (
					"DEBUG=1",
					"$(inherited)",
				);
				GCC_WARN_64_TO_32_BIT_CONVERSION = YES;
				GCC_WARN_ABOUT_RETURN_TYPE = YES_ERROR;
				GCC_WARN_UNDECLARED_SELECTOR = YES;
				GCC_WARN_UNINITIALIZED_AUTOS = YES_AGGRESSIVE;
				GCC_WARN_UNUSED_FUNCTION = YES;
				GCC_WARN_UNUSED_VARIABLE = YES;
				IPHONEOS_DEPLOYMENT_TARGET = 11.0;
				MTL_ENABLE_DEBUG_INFO = YES;
				ONLY_ACTIVE_ARCH = YES;
				SDKROOT = iphoneos;
			};
			name = Debug;
		};
		C5BC46B21FBAFBAD003F89ED /* Release */ = {
			isa = XCBuildConfiguration;
			buildSettings = {
				ALWAYS_SEARCH_USER_PATHS = NO;
				CLANG_ANALYZER_NONNULL = YES;
				CLANG_ANALYZER_NUMBER_OBJECT_CONVERSION = YES_AGGRESSIVE;
				CLANG_CXX_LANGUAGE_STANDARD = "gnu++14";
				CLANG_CXX_LIBRARY = "libc++";
				CLANG_ENABLE_MODULES = YES;
				CLANG_ENABLE_OBJC_ARC = YES;
				CLANG_WARN_BLOCK_CAPTURE_AUTORELEASING = YES;
				CLANG_WARN_BOOL_CONVERSION = YES;
				CLANG_WARN_COMMA = YES;
				CLANG_WARN_CONSTANT_CONVERSION = YES;
				CLANG_WARN_DIRECT_OBJC_ISA_USAGE = YES_ERROR;
				CLANG_WARN_DOCUMENTATION_COMMENTS = YES;
				CLANG_WARN_EMPTY_BODY = YES;
				CLANG_WARN_ENUM_CONVERSION = YES;
				CLANG_WARN_INFINITE_RECURSION = YES;
				CLANG_WARN_INT_CONVERSION = YES;
				CLANG_WARN_NON_LITERAL_NULL_CONVERSION = YES;
				CLANG_WARN_OBJC_LITERAL_CONVERSION = YES;
				CLANG_WARN_OBJC_ROOT_CLASS = YES_ERROR;
				CLANG_WARN_RANGE_LOOP_ANALYSIS = YES;
				CLANG_WARN_STRICT_PROTOTYPES = YES;
				CLANG_WARN_SUSPICIOUS_MOVE = YES;
				CLANG_WARN_UNGUARDED_AVAILABILITY = YES_AGGRESSIVE;
				CLANG_WARN_UNREACHABLE_CODE = YES;
				CLANG_WARN__DUPLICATE_METHOD_MATCH = YES;
				CODE_SIGN_IDENTITY = "iPhone Developer";
				COPY_PHASE_STRIP = NO;
				DEBUG_INFORMATION_FORMAT = "dwarf-with-dsym";
				ENABLE_NS_ASSERTIONS = NO;
				ENABLE_STRICT_OBJC_MSGSEND = YES;
				GCC_C_LANGUAGE_STANDARD = gnu11;
				GCC_NO_COMMON_BLOCKS = YES;
				GCC_WARN_64_TO_32_BIT_CONVERSION = YES;
				GCC_WARN_ABOUT_RETURN_TYPE = YES_ERROR;
				GCC_WARN_UNDECLARED_SELECTOR = YES;
				GCC_WARN_UNINITIALIZED_AUTOS = YES_AGGRESSIVE;
				GCC_WARN_UNUSED_FUNCTION = YES;
				GCC_WARN_UNUSED_VARIABLE = YES;
				IPHONEOS_DEPLOYMENT_TARGET = 11.0;
				MTL_ENABLE_DEBUG_INFO = NO;
				SDKROOT = iphoneos;
				VALIDATE_PRODUCT = YES;
			};
			name = Release;
		};
		C5BC46B41FBAFBAD003F89ED /* Debug */ = {
			isa = XCBuildConfiguration;
			baseConfigurationReference = 273BCAF7514825E7CE901D34 /* Pods-XKProj.debug.xcconfig */;
			buildSettings = {
				ASSETCATALOG_COMPILER_APPICON_NAME = AppIcon;
				ASSETCATALOG_COMPILER_LAUNCHIMAGE_NAME = LaunchImage;
				CODE_SIGN_STYLE = Manual;
				DEVELOPMENT_TEAM = "";
				GCC_PREFIX_HEADER = XKProj/XKProjPrefixHeader.pch;
				INFOPLIST_FILE = "$(SRCROOT)/XKProj/Info.plist";
				IPHONEOS_DEPLOYMENT_TARGET = 8.0;
				LD_RUNPATH_SEARCH_PATHS = "$(inherited) @executable_path/Frameworks";
				PRODUCT_BUNDLE_IDENTIFIER = Kangbo.XKProj;
				PRODUCT_NAME = "$(TARGET_NAME)";
				PROVISIONING_PROFILE_SPECIFIER = "";
				TARGETED_DEVICE_FAMILY = "1,2";
			};
			name = Debug;
		};
		C5BC46B51FBAFBAD003F89ED /* Release */ = {
			isa = XCBuildConfiguration;
			baseConfigurationReference = FAF284A05F21052E4B538D05 /* Pods-XKProj.release.xcconfig */;
			buildSettings = {
				ASSETCATALOG_COMPILER_APPICON_NAME = AppIcon;
				ASSETCATALOG_COMPILER_LAUNCHIMAGE_NAME = LaunchImage;
				CODE_SIGN_STYLE = Manual;
				DEVELOPMENT_TEAM = "";
				GCC_PREFIX_HEADER = XKProj/XKProjPrefixHeader.pch;
				INFOPLIST_FILE = "$(SRCROOT)/XKProj/Info.plist";
				IPHONEOS_DEPLOYMENT_TARGET = 8.0;
				LD_RUNPATH_SEARCH_PATHS = "$(inherited) @executable_path/Frameworks";
				PRODUCT_BUNDLE_IDENTIFIER = Kangbo.XKProj;
				PRODUCT_NAME = "$(TARGET_NAME)";
				PROVISIONING_PROFILE_SPECIFIER = "";
				TARGETED_DEVICE_FAMILY = "1,2";
			};
			name = Release;
		};
/* End XCBuildConfiguration section */

/* Begin XCConfigurationList section */
		C5BC46981FBAFBAD003F89ED /* Build configuration list for PBXProject "XKProj" */ = {
			isa = XCConfigurationList;
			buildConfigurations = (
				C5BC46B11FBAFBAD003F89ED /* Debug */,
				C5BC46B21FBAFBAD003F89ED /* Release */,
			);
			defaultConfigurationIsVisible = 0;
			defaultConfigurationName = Release;
		};
		C5BC46B31FBAFBAD003F89ED /* Build configuration list for PBXNativeTarget "XKProj" */ = {
			isa = XCConfigurationList;
			buildConfigurations = (
				C5BC46B41FBAFBAD003F89ED /* Debug */,
				C5BC46B51FBAFBAD003F89ED /* Release */,
			);
			defaultConfigurationIsVisible = 0;
			defaultConfigurationName = Release;
		};
/* End XCConfigurationList section */
	};
	rootObject = C5BC46951FBAFBAD003F89ED /* Project object */;
}
