PODS:
  - XKFoundationLibrary (0.0.1)

DEPENDENCIES:
  - XKFoundationLibrary (from `XKFoundationLibrary`)

EXTERNAL SOURCES:
  XKFoundationLibrary:
    :path: XKFoundationLibrary

SPEC CHECKSUMS:
  XKFoundationLibrary: 09ef7e56ed6971fb09a02f9b6b638892175b480a

PODFILE CHECKSUM: a38a514f449c6de7affd68f1002624f77b4d284c

COCOAPODS: 1.3.1
